
Microsoft Visual Studio Solution File, Format Version 12.00
# Visual Studio Version 17
VisualStudioVersion = 17.11.35312.102
MinimumVisualStudioVersion = 10.0.40219.1
Project("{FAE04EC0-301F-11D3-BF4B-00C04F79EFBC}") = "react-dotnet-nohttps.Server", "react-dotnet-nohttps.Server\react-dotnet-nohttps.Server.csproj", "{7DA78775-7941-48EB-B717-C171521AC9B9}"
EndProject
Project("{54A90642-561A-4BB1-A94E-469ADEE60C69}") = "react-dotnet-nohttps.client", "react-dotnet-nohttps.client\react-dotnet-nohttps.client.esproj", "{F9BCCA1B-D647-4FF4-9AD7-4A9AC46804DC}"
EndProject
Global
	GlobalSection(SolutionConfigurationPlatforms) = preSolution
		Debug|Any CPU = Debug|Any CPU
		Release|Any CPU = Release|Any CPU
	EndGlobalSection
	GlobalSection(ProjectConfigurationPlatforms) = postSolution
		{7DA78775-7941-48EB-B717-C171521AC9B9}.Debug|Any CPU.ActiveCfg = Debug|Any CPU
		{7DA78775-7941-48EB-B717-C171521AC9B9}.Debug|Any CPU.Build.0 = Debug|Any CPU
		{7DA78775-7941-48EB-B717-C171521AC9B9}.Release|Any CPU.ActiveCfg = Release|Any CPU
		{7DA78775-7941-48EB-B717-C171521AC9B9}.Release|Any CPU.Build.0 = Release|Any CPU
		{F9BCCA1B-D647-4FF4-9AD7-4A9AC46804DC}.Debug|Any CPU.ActiveCfg = Debug|Any CPU
		{F9BCCA1B-D647-4FF4-9AD7-4A9AC46804DC}.Debug|Any CPU.Build.0 = Debug|Any CPU
		{F9BCCA1B-D647-4FF4-9AD7-4A9AC46804DC}.Debug|Any CPU.Deploy.0 = Debug|Any CPU
		{F9BCCA1B-D647-4FF4-9AD7-4A9AC46804DC}.Release|Any CPU.ActiveCfg = Release|Any CPU
		{F9BCCA1B-D647-4FF4-9AD7-4A9AC46804DC}.Release|Any CPU.Build.0 = Release|Any CPU
		{F9BCCA1B-D647-4FF4-9AD7-4A9AC46804DC}.Release|Any CPU.Deploy.0 = Release|Any CPU
	EndGlobalSection
	GlobalSection(SolutionProperties) = preSolution
		HideSolutionNode = FALSE
	EndGlobalSection
	GlobalSection(ExtensibilityGlobals) = postSolution
		SolutionGuid = {0C20BB6C-6CE7-42AA-92FF-B4FFE1E46AB3}
	EndGlobalSection
EndGlobal
